{
  "object": {
    "pins": [
      {
        "package": "Binary",
        "repositoryURL": "git@github.com:spacenation/binary.swift.git",
        "state": {
          "branch": null,
          "revision": "179fce52d4b4c6bd2dafbe8ef9d813048fd7984c",
          "version": "0.1.1"
        }
      },
      {
        "package": "Currying",
        "repositoryURL": "git@github.com:spacenation/currying.swift.git",
        "state": {
          "branch": null,
          "revision": "75dca19133506bee5390b847ac54801f57ec67ae",
          "version": "0.2.1"
        }
      },
      {
        "package": "Decoder",
        "repositoryURL": "git@github.com:spacenation/decoder.swift.git",
        "state": {
          "branch": null,
          "revision": "cb25aef34f18f1da6b8a099578f83e3ae69a05a3",
          "version": "0.4.0"
        }
      },
      {
        "package": "Functional",
        "repositoryURL": "git@github.com:spacenation/functional.swift.git",
        "state": {
          "branch": null,
          "revision": "2c25b0638f48ede4c68a8b6ec0c71b81a1d31085",
          "version": "0.3.0"
        }
      }
    ]
  },
  "version": 1
}
